
Microsoft Visual Studio Solution File, Format Version 12.00
# Visual Studio 15
VisualStudioVersion = 15.0.28010.2048
MinimumVisualStudioVersion = 10.0.40219.1
Project("{FAE04EC0-301F-11D3-BF4B-00C04F79EFBC}") = "FullStack.Server", "FullStack.Server\FullStack.Server.csproj", "{C91DDF6E-E860-4D14-8A1E-1FB6A70C92B9}"
EndProject
Project("{FAE04EC0-301F-11D3-BF4B-00C04F79EFBC}") = "FullStack.App", "FullStack.App\FullStack.App.csproj", "{0618A0EC-8E37-4DD3-A678-512E01144D83}"
EndProject
Global
	GlobalSection(SolutionConfigurationPlatforms) = preSolution
		Debug|Any CPU = Debug|Any CPU
		Release|Any CPU = Release|Any CPU
	EndGlobalSection
	GlobalSection(ProjectConfigurationPlatforms) = postSolution
		{C91DDF6E-E860-4D14-8A1E-1FB6A70C92B9}.Debug|Any CPU.ActiveCfg = Debug|Any CPU
		{C91DDF6E-E860-4D14-8A1E-1FB6A70C92B9}.Debug|Any CPU.Build.0 = Debug|Any CPU
		{C91DDF6E-E860-4D14-8A1E-1FB6A70C92B9}.Release|Any CPU.ActiveCfg = Release|Any CPU
		{C91DDF6E-E860-4D14-8A1E-1FB6A70C92B9}.Release|Any CPU.Build.0 = Release|Any CPU
		{0618A0EC-8E37-4DD3-A678-512E01144D83}.Debug|Any CPU.ActiveCfg = Debug|Any CPU
		{0618A0EC-8E37-4DD3-A678-512E01144D83}.Debug|Any CPU.Build.0 = Debug|Any CPU
		{0618A0EC-8E37-4DD3-A678-512E01144D83}.Release|Any CPU.ActiveCfg = Release|Any CPU
		{0618A0EC-8E37-4DD3-A678-512E01144D83}.Release|Any CPU.Build.0 = Release|Any CPU
	EndGlobalSection
	GlobalSection(SolutionProperties) = preSolution
		HideSolutionNode = FALSE
	EndGlobalSection
	GlobalSection(ExtensibilityGlobals) = postSolution
		SolutionGuid = {66190216-DCDB-445D-A3DD-321E6046B825}
	EndGlobalSection
EndGlobal
